run_id: 2026-07-28_11-20-09
loop: 主链路E2E评测循环
timestamp: '2026-07-28T11:20:09.320396'
core_version: 1.0.0
product_core: artifacts/产品定义/产品核心定义.md
rubric: eval-data/rubrics/主链路评测量规.yaml
scenarios:
- SCN-001-divorced-cohabiting
- SCN-002-parents-travel-stats
- SCN-003-company-closure
- SCN-004-surgery-cost
- SCN-005-manual-table-select
aggregate_score: 0.255
evidence:
  results:
  - scenario_id: SCN-001-divorced-cohabiting
    title: 父母双方离婚但同住
    priority: P0
    linked_opts:
    - OPT-003
    observation_date: '2026-07-23'
    result: blocked
    blocked_step: operator_params
    notes: 多次重试仍无法生成符合算子结构的参数
    scores_raw:
      intent: 10
      table_selection: 6
      model_planning: 6
      operator_params: 0
      canvas_runnable: 0
      ux_interaction: 6
    scores_normalized:
      intent: 1.0
      table_selection: 0.6
      model_planning: 0.6
      operator_params: 0.0
      canvas_runnable: 0.0
      ux_interaction: 0.6
    aggregate: 0.43
    aggregate_display: 4.3
    status: blocked
  - scenario_id: SCN-002-parents-travel-stats
    title: 个人极端人员父母出境统计
    priority: P1
    linked_opts:
    - OPT-004
    - OPT-005
    observation_date: '2026-07-23'
    result: partial
    blocked_step: table_select
    notes: '@ 引用解析失败；清空上下文后推荐表与问题无关'
    scores_raw:
      intent: 8
      table_selection: 4
      model_planning: 0
      operator_params: 0
      canvas_runnable: 0
      ux_interaction: 6
    scores_normalized:
      intent: 0.8
      table_selection: 0.4
      model_planning: 0.0
      operator_params: 0.0
      canvas_runnable: 0.0
      ux_interaction: 0.6
    aggregate: 0.24
    aggregate_display: 2.4
    status: blocked
  - scenario_id: SCN-003-company-closure
    title: 筛选近期公司倒闭（多表联合）
    priority: P0
    linked_opts:
    - OPT-001
    - OPT-006
    observation_date: '2026-07-23'
    result: blocked
    blocked_step: table_select
    notes: 多表只能二选一；同表被重复归类
    scores_raw:
      intent: 10
      table_selection: 3
      model_planning: 0
      operator_params: 0
      canvas_runnable: 0
      ux_interaction: 6
    scores_normalized:
      intent: 1.0
      table_selection: 0.3
      model_planning: 0.0
      operator_params: 0.0
      canvas_runnable: 0.0
      ux_interaction: 0.6
    aggregate: 0.235
    aggregate_display: 2.3
    status: blocked
  - scenario_id: SCN-004-surgery-cost
    title: 观察中阶段男性患者平均手术费用
    priority: P1
    linked_opts:
    - OPT-005
    observation_date: '2026-07-23'
    result: blocked
    blocked_step: table_select
    notes: 手动添加数据表后报错「未筛选到业务匹配的表」
    scores_raw:
      intent: 10
      table_selection: 0
      model_planning: 0
      operator_params: 0
      canvas_runnable: 0
      ux_interaction: 6
    scores_normalized:
      intent: 1.0
      table_selection: 0.0
      model_planning: 0.0
      operator_params: 0.0
      canvas_runnable: 0.0
      ux_interaction: 0.6
    aggregate: 0.16
    aggregate_display: 1.6
    status: blocked
  - scenario_id: SCN-005-manual-table-select
    title: 手动选表后建模
    priority: P0
    linked_opts:
    - OPT-001
    - OPT-002
    observation_date: '2026-07-20'
    result: blocked
    blocked_step: model_design
    notes: 仍触发表推荐；无建模规划，刷新无效
    scores_raw:
      intent: 10
      table_selection: 2
      model_planning: 0
      operator_params: 0
      canvas_runnable: 0
      ux_interaction: 6
    scores_normalized:
      intent: 1.0
      table_selection: 0.2
      model_planning: 0.0
      operator_params: 0.0
      canvas_runnable: 0.0
      ux_interaction: 0.6
    aggregate: 0.21
    aggregate_display: 2.1
    status: blocked
